
Microsoft Visual Studio Solution File, Format Version 12.00
# Visual Studio Version 17
VisualStudioVersion = 17.6.33723.286
MinimumVisualStudioVersion = 10.0.40219.1
Project("{FAE04EC0-301F-11D3-BF4B-00C04F79EFBC}") = "FitnessBro", "FitnessBro\FitnessBro.csproj", "{E1593D23-0B1B-4DDA-A8D3-519E63219ABB}"
EndProject
Global
	GlobalSection(SolutionConfigurationPlatforms) = preSolution
		Debug|Any CPU = Debug|Any CPU
		Release|Any CPU = Release|Any CPU
	EndGlobalSection
	GlobalSection(ProjectConfigurationPlatforms) = postSolution
		{E1593D23-0B1B-4DDA-A8D3-519E63219ABB}.Debug|Any CPU.ActiveCfg = Debug|Any CPU
		{E1593D23-0B1B-4DDA-A8D3-519E63219ABB}.Debug|Any CPU.Build.0 = Debug|Any CPU
		{E1593D23-0B1B-4DDA-A8D3-519E63219ABB}.Release|Any CPU.ActiveCfg = Release|Any CPU
		{E1593D23-0B1B-4DDA-A8D3-519E63219ABB}.Release|Any CPU.Build.0 = Release|Any CPU
	EndGlobalSection
	GlobalSection(SolutionProperties) = preSolution
		HideSolutionNode = FALSE
	EndGlobalSection
	GlobalSection(ExtensibilityGlobals) = postSolution
		SolutionGuid = {C51C01BB-5992-4FC9-8503-BB84BB0CB186}
	EndGlobalSection
EndGlobal
