
Microsoft Visual Studio Solution File, Format Version 12.00
# Visual Studio Version 17
VisualStudioVersion = 17.6.33723.286
MinimumVisualStudioVersion = 10.0.40219.1
Project("{FAE04EC0-301F-11D3-BF4B-00C04F79EFBC}") = "FitnessAppWeb", "FitnessAppWeb\FitnessAppWeb.csproj", "{AB862F04-4C9F-4F80-9507-AB8A4820769C}"
EndProject
Project("{2150E333-8FDC-42A3-9474-1A3956D46DE8}") = "Data", "Data", "{0A4F5C3F-E6F9-4EAE-AE8C-B878CFDA50DF}"
EndProject
Project("{FAE04EC0-301F-11D3-BF4B-00C04F79EFBC}") = "FitnessAppWeb.Data", "FitnessAppWeb.Data\FitnessAppWeb.Data.csproj", "{D8BFC77E-8A6A-4ADC-9D29-C828E9EE2AD6}"
EndProject
Project("{FAE04EC0-301F-11D3-BF4B-00C04F79EFBC}") = "FitnessAppWeb.Data.Models", "FitnessAppWeb.Data.Models\FitnessAppWeb.Data.Models.csproj", "{5C95BDAA-7C77-4440-B611-8A217B81BFCE}"
EndProject
Project("{FAE04EC0-301F-11D3-BF4B-00C04F79EFBC}") = "FitnessAppWeb.Common", "FitnessAppWeb.Common\FitnessAppWeb.Common.csproj", "{D6420004-3119-4E93-841D-A639367F61D1}"
EndProject
Project("{2150E333-8FDC-42A3-9474-1A3956D46DE8}") = "Web", "Web", "{B33B4552-B7FD-41E9-8EB7-648D13F94AE1}"
EndProject
Project("{FAE04EC0-301F-11D3-BF4B-00C04F79EFBC}") = "FitnessAppWeb.Web.Infrastructure", "FitnessAppWeb.Web.Infrastructure\FitnessAppWeb.Web.Infrastructure.csproj", "{691D9453-C26A-4F57-98B7-83D5FE171709}"
EndProject
Global
	GlobalSection(SolutionConfigurationPlatforms) = preSolution
		Debug|Any CPU = Debug|Any CPU
		Release|Any CPU = Release|Any CPU
	EndGlobalSection
	GlobalSection(ProjectConfigurationPlatforms) = postSolution
		{AB862F04-4C9F-4F80-9507-AB8A4820769C}.Debug|Any CPU.ActiveCfg = Debug|Any CPU
		{AB862F04-4C9F-4F80-9507-AB8A4820769C}.Debug|Any CPU.Build.0 = Debug|Any CPU
		{AB862F04-4C9F-4F80-9507-AB8A4820769C}.Release|Any CPU.ActiveCfg = Release|Any CPU
		{AB862F04-4C9F-4F80-9507-AB8A4820769C}.Release|Any CPU.Build.0 = Release|Any CPU
		{D8BFC77E-8A6A-4ADC-9D29-C828E9EE2AD6}.Debug|Any CPU.ActiveCfg = Debug|Any CPU
		{D8BFC77E-8A6A-4ADC-9D29-C828E9EE2AD6}.Debug|Any CPU.Build.0 = Debug|Any CPU
		{D8BFC77E-8A6A-4ADC-9D29-C828E9EE2AD6}.Release|Any CPU.ActiveCfg = Release|Any CPU
		{D8BFC77E-8A6A-4ADC-9D29-C828E9EE2AD6}.Release|Any CPU.Build.0 = Release|Any CPU
		{5C95BDAA-7C77-4440-B611-8A217B81BFCE}.Debug|Any CPU.ActiveCfg = Debug|Any CPU
		{5C95BDAA-7C77-4440-B611-8A217B81BFCE}.Debug|Any CPU.Build.0 = Debug|Any CPU
		{5C95BDAA-7C77-4440-B611-8A217B81BFCE}.Release|Any CPU.ActiveCfg = Release|Any CPU
		{5C95BDAA-7C77-4440-B611-8A217B81BFCE}.Release|Any CPU.Build.0 = Release|Any CPU
		{D6420004-3119-4E93-841D-A639367F61D1}.Debug|Any CPU.ActiveCfg = Debug|Any CPU
		{D6420004-3119-4E93-841D-A639367F61D1}.Debug|Any CPU.Build.0 = Debug|Any CPU
		{D6420004-3119-4E93-841D-A639367F61D1}.Release|Any CPU.ActiveCfg = Release|Any CPU
		{D6420004-3119-4E93-841D-A639367F61D1}.Release|Any CPU.Build.0 = Release|Any CPU
		{691D9453-C26A-4F57-98B7-83D5FE171709}.Debug|Any CPU.ActiveCfg = Debug|Any CPU
		{691D9453-C26A-4F57-98B7-83D5FE171709}.Debug|Any CPU.Build.0 = Debug|Any CPU
		{691D9453-C26A-4F57-98B7-83D5FE171709}.Release|Any CPU.ActiveCfg = Release|Any CPU
		{691D9453-C26A-4F57-98B7-83D5FE171709}.Release|Any CPU.Build.0 = Release|Any CPU
	EndGlobalSection
	GlobalSection(SolutionProperties) = preSolution
		HideSolutionNode = FALSE
	EndGlobalSection
	GlobalSection(NestedProjects) = preSolution
		{AB862F04-4C9F-4F80-9507-AB8A4820769C} = {B33B4552-B7FD-41E9-8EB7-648D13F94AE1}
		{D8BFC77E-8A6A-4ADC-9D29-C828E9EE2AD6} = {0A4F5C3F-E6F9-4EAE-AE8C-B878CFDA50DF}
		{5C95BDAA-7C77-4440-B611-8A217B81BFCE} = {0A4F5C3F-E6F9-4EAE-AE8C-B878CFDA50DF}
		{691D9453-C26A-4F57-98B7-83D5FE171709} = {B33B4552-B7FD-41E9-8EB7-648D13F94AE1}
	EndGlobalSection
	GlobalSection(ExtensibilityGlobals) = postSolution
		SolutionGuid = {E0A8CBCC-F58B-4289-AEC2-9C1B1BC55265}
	EndGlobalSection
EndGlobal
